
Microsoft Visual Studio Solution File, Format Version 12.00
# Visual Studio Version 16
VisualStudioVersion = 16.0.31205.134
MinimumVisualStudioVersion = 10.0.40219.1
Project("{FAE04EC0-301F-11D3-BF4B-00C04F79EFBC}") = "LanguagePractice.API", "LanguagePractice.API\LanguagePractice.API.csproj", "{B06186E8-6BE7-49F9-AE01-DC1957A393CF}"
EndProject
Project("{FAE04EC0-301F-11D3-BF4B-00C04F79EFBC}") = "LanguagePractice.Data", "LanguagePractice.Data\LanguagePractice.Data.csproj", "{D77E85AE-F370-4AC4-8B46-563B835E64A7}"
EndProject
Project("{FAE04EC0-301F-11D3-BF4B-00C04F79EFBC}") = "LanguagePractice.DataAccess", "LanguagePractice.DataAccess\LanguagePractice.DataAccess.csproj", "{4F3531A5-B0CB-48A6-898F-E9A4F28E4DCB}"
EndProject
Global
	GlobalSection(SolutionConfigurationPlatforms) = preSolution
		Debug|Any CPU = Debug|Any CPU
		Release|Any CPU = Release|Any CPU
	EndGlobalSection
	GlobalSection(ProjectConfigurationPlatforms) = postSolution
		{B06186E8-6BE7-49F9-AE01-DC1957A393CF}.Debug|Any CPU.ActiveCfg = Debug|Any CPU
		{B06186E8-6BE7-49F9-AE01-DC1957A393CF}.Debug|Any CPU.Build.0 = Debug|Any CPU
		{B06186E8-6BE7-49F9-AE01-DC1957A393CF}.Release|Any CPU.ActiveCfg = Release|Any CPU
		{B06186E8-6BE7-49F9-AE01-DC1957A393CF}.Release|Any CPU.Build.0 = Release|Any CPU
		{D77E85AE-F370-4AC4-8B46-563B835E64A7}.Debug|Any CPU.ActiveCfg = Debug|Any CPU
		{D77E85AE-F370-4AC4-8B46-563B835E64A7}.Debug|Any CPU.Build.0 = Debug|Any CPU
		{D77E85AE-F370-4AC4-8B46-563B835E64A7}.Release|Any CPU.ActiveCfg = Release|Any CPU
		{D77E85AE-F370-4AC4-8B46-563B835E64A7}.Release|Any CPU.Build.0 = Release|Any CPU
		{4F3531A5-B0CB-48A6-898F-E9A4F28E4DCB}.Debug|Any CPU.ActiveCfg = Debug|Any CPU
		{4F3531A5-B0CB-48A6-898F-E9A4F28E4DCB}.Debug|Any CPU.Build.0 = Debug|Any CPU
		{4F3531A5-B0CB-48A6-898F-E9A4F28E4DCB}.Release|Any CPU.ActiveCfg = Release|Any CPU
		{4F3531A5-B0CB-48A6-898F-E9A4F28E4DCB}.Release|Any CPU.Build.0 = Release|Any CPU
	EndGlobalSection
	GlobalSection(SolutionProperties) = preSolution
		HideSolutionNode = FALSE
	EndGlobalSection
	GlobalSection(ExtensibilityGlobals) = postSolution
		SolutionGuid = {F3EC8811-3C88-443A-A813-13FD1B84288E}
	EndGlobalSection
EndGlobal
